
Microsoft Visual Studio Solution File, Format Version 12.00
# Visual Studio Version 17
VisualStudioVersion = 17.7.34018.315
MinimumVisualStudioVersion = 10.0.40219.1
Project("{2150E333-8FDC-42A3-9474-1A3956D46DE8}") = "core", "core", "{4E80A634-5B9A-439A-B3A8-BDC30BBF2A7F}"
EndProject
Project("{2150E333-8FDC-42A3-9474-1A3956D46DE8}") = "Infrastructure", "Infrastructure", "{3A169D78-CE07-4442-A563-1AE60128B642}"
EndProject
Project("{2150E333-8FDC-42A3-9474-1A3956D46DE8}") = "Presentation", "Presentation", "{A1007A75-34EC-4CF2-8C6F-ED9DDC26FD7C}"
EndProject
Project("{FAE04EC0-301F-11D3-BF4B-00C04F79EFBC}") = "infrastructure", "Infrastructure\infrastructure\infrastructure.csproj", "{8581AB73-0DC7-43E0-928C-A54FCEE8D6BC}"
EndProject
Project("{FAE04EC0-301F-11D3-BF4B-00C04F79EFBC}") = "persistence", "Infrastructure\persistence\persistence.csproj", "{AAB95825-B9B4-4D7B-95B7-7796D2AC8FFA}"
EndProject
Project("{FAE04EC0-301F-11D3-BF4B-00C04F79EFBC}") = "Application", "core\Application\Application.csproj", "{114C442B-1B25-4F71-AA44-216535F07E99}"
EndProject
Project("{FAE04EC0-301F-11D3-BF4B-00C04F79EFBC}") = "Domain", "core\Domain\Domain.csproj", "{7D33CE57-941C-47C3-AB96-0D09481048DC}"
EndProject
Project("{FAE04EC0-301F-11D3-BF4B-00C04F79EFBC}") = "AutoMapper", "AutoMapper\AutoMapper.csproj", "{4CC9EC83-2D2E-494F-80BF-624B0E7A062A}"
EndProject
Project("{FAE04EC0-301F-11D3-BF4B-00C04F79EFBC}") = "WebApi", "Presentation\WebApi\WebApi.csproj", "{58C8BD02-140B-497F-849A-AD1FB6E0E2B4}"
EndProject
Global
	GlobalSection(SolutionConfigurationPlatforms) = preSolution
		Debug|Any CPU = Debug|Any CPU
		Release|Any CPU = Release|Any CPU
	EndGlobalSection
	GlobalSection(ProjectConfigurationPlatforms) = postSolution
		{8581AB73-0DC7-43E0-928C-A54FCEE8D6BC}.Debug|Any CPU.ActiveCfg = Debug|Any CPU
		{8581AB73-0DC7-43E0-928C-A54FCEE8D6BC}.Debug|Any CPU.Build.0 = Debug|Any CPU
		{8581AB73-0DC7-43E0-928C-A54FCEE8D6BC}.Release|Any CPU.ActiveCfg = Release|Any CPU
		{8581AB73-0DC7-43E0-928C-A54FCEE8D6BC}.Release|Any CPU.Build.0 = Release|Any CPU
		{AAB95825-B9B4-4D7B-95B7-7796D2AC8FFA}.Debug|Any CPU.ActiveCfg = Debug|Any CPU
		{AAB95825-B9B4-4D7B-95B7-7796D2AC8FFA}.Debug|Any CPU.Build.0 = Debug|Any CPU
		{AAB95825-B9B4-4D7B-95B7-7796D2AC8FFA}.Release|Any CPU.ActiveCfg = Release|Any CPU
		{AAB95825-B9B4-4D7B-95B7-7796D2AC8FFA}.Release|Any CPU.Build.0 = Release|Any CPU
		{114C442B-1B25-4F71-AA44-216535F07E99}.Debug|Any CPU.ActiveCfg = Debug|Any CPU
		{114C442B-1B25-4F71-AA44-216535F07E99}.Debug|Any CPU.Build.0 = Debug|Any CPU
		{114C442B-1B25-4F71-AA44-216535F07E99}.Release|Any CPU.ActiveCfg = Release|Any CPU
		{114C442B-1B25-4F71-AA44-216535F07E99}.Release|Any CPU.Build.0 = Release|Any CPU
		{7D33CE57-941C-47C3-AB96-0D09481048DC}.Debug|Any CPU.ActiveCfg = Debug|Any CPU
		{7D33CE57-941C-47C3-AB96-0D09481048DC}.Debug|Any CPU.Build.0 = Debug|Any CPU
		{7D33CE57-941C-47C3-AB96-0D09481048DC}.Release|Any CPU.ActiveCfg = Release|Any CPU
		{7D33CE57-941C-47C3-AB96-0D09481048DC}.Release|Any CPU.Build.0 = Release|Any CPU
		{4CC9EC83-2D2E-494F-80BF-624B0E7A062A}.Debug|Any CPU.ActiveCfg = Debug|Any CPU
		{4CC9EC83-2D2E-494F-80BF-624B0E7A062A}.Debug|Any CPU.Build.0 = Debug|Any CPU
		{4CC9EC83-2D2E-494F-80BF-624B0E7A062A}.Release|Any CPU.ActiveCfg = Release|Any CPU
		{4CC9EC83-2D2E-494F-80BF-624B0E7A062A}.Release|Any CPU.Build.0 = Release|Any CPU
		{58C8BD02-140B-497F-849A-AD1FB6E0E2B4}.Debug|Any CPU.ActiveCfg = Debug|Any CPU
		{58C8BD02-140B-497F-849A-AD1FB6E0E2B4}.Debug|Any CPU.Build.0 = Debug|Any CPU
		{58C8BD02-140B-497F-849A-AD1FB6E0E2B4}.Release|Any CPU.ActiveCfg = Release|Any CPU
		{58C8BD02-140B-497F-849A-AD1FB6E0E2B4}.Release|Any CPU.Build.0 = Release|Any CPU
	EndGlobalSection
	GlobalSection(SolutionProperties) = preSolution
		HideSolutionNode = FALSE
	EndGlobalSection
	GlobalSection(NestedProjects) = preSolution
		{8581AB73-0DC7-43E0-928C-A54FCEE8D6BC} = {3A169D78-CE07-4442-A563-1AE60128B642}
		{AAB95825-B9B4-4D7B-95B7-7796D2AC8FFA} = {3A169D78-CE07-4442-A563-1AE60128B642}
		{114C442B-1B25-4F71-AA44-216535F07E99} = {4E80A634-5B9A-439A-B3A8-BDC30BBF2A7F}
		{7D33CE57-941C-47C3-AB96-0D09481048DC} = {4E80A634-5B9A-439A-B3A8-BDC30BBF2A7F}
		{4CC9EC83-2D2E-494F-80BF-624B0E7A062A} = {4E80A634-5B9A-439A-B3A8-BDC30BBF2A7F}
		{58C8BD02-140B-497F-849A-AD1FB6E0E2B4} = {A1007A75-34EC-4CF2-8C6F-ED9DDC26FD7C}
	EndGlobalSection
	GlobalSection(ExtensibilityGlobals) = postSolution
		SolutionGuid = {489726F5-7895-40EE-B057-7D1D582481B0}
	EndGlobalSection
EndGlobal
